
Microsoft Visual Studio Solution File, Format Version 12.00
# Visual Studio Version 17
VisualStudioVersion = 17.6.33829.357
MinimumVisualStudioVersion = 10.0.40219.1
Project("{9A19103F-16F7-4668-BE54-9A1E7A4F7556}") = "You Browser", "You Browser\You Browser.csproj", "{983EA52F-1B24-4F9E-B4D7-D5A54B2217CB}"
EndProject
Project("{2150E333-8FDC-42A3-9474-1A3956D46DE8}") = "Solution Items", "Solution Items", "{A2495CB2-A250-4928-BAE6-C88BAD0CF68A}"
EndProject
Global
	GlobalSection(SolutionConfigurationPlatforms) = preSolution
		Debug|Any CPU = Debug|Any CPU
		Release|Any CPU = Release|Any CPU
	EndGlobalSection
	GlobalSection(ProjectConfigurationPlatforms) = postSolution
		{983EA52F-1B24-4F9E-B4D7-D5A54B2217CB}.Debug|Any CPU.ActiveCfg = Debug|Any CPU
		{983EA52F-1B24-4F9E-B4D7-D5A54B2217CB}.Debug|Any CPU.Build.0 = Debug|Any CPU
		{983EA52F-1B24-4F9E-B4D7-D5A54B2217CB}.Release|Any CPU.ActiveCfg = Release|Any CPU
		{983EA52F-1B24-4F9E-B4D7-D5A54B2217CB}.Release|Any CPU.Build.0 = Release|Any CPU
	EndGlobalSection
	GlobalSection(SolutionProperties) = preSolution
		HideSolutionNode = FALSE
	EndGlobalSection
	GlobalSection(ExtensibilityGlobals) = postSolution
		SolutionGuid = {001FA405-4F43-4269-88C2-AC1B7E91F858}
	EndGlobalSection
EndGlobal
